
Microsoft Visual Studio Solution File, Format Version 12.00
# Visual Studio Version 17
VisualStudioVersion = 17.2.32630.192
MinimumVisualStudioVersion = 10.0.40219.1
Project("{FAE04EC0-301F-11D3-BF4B-00C04F79EFBC}") = "Minecraft String Fix PS3", "Minecraft String Fix PS3\Minecraft String Fix PS3.csproj", "{44B5B05B-C69A-4A4C-B3C3-CE4566E76347}"
EndProject
Global
	GlobalSection(SolutionConfigurationPlatforms) = preSolution
		Debug|Any CPU = Debug|Any CPU
		Release|Any CPU = Release|Any CPU
	EndGlobalSection
	GlobalSection(ProjectConfigurationPlatforms) = postSolution
		{44B5B05B-C69A-4A4C-B3C3-CE4566E76347}.Debug|Any CPU.ActiveCfg = Debug|Any CPU
		{44B5B05B-C69A-4A4C-B3C3-CE4566E76347}.Debug|Any CPU.Build.0 = Debug|Any CPU
		{44B5B05B-C69A-4A4C-B3C3-CE4566E76347}.Release|Any CPU.ActiveCfg = Release|Any CPU
		{44B5B05B-C69A-4A4C-B3C3-CE4566E76347}.Release|Any CPU.Build.0 = Release|Any CPU
	EndGlobalSection
	GlobalSection(SolutionProperties) = preSolution
		HideSolutionNode = FALSE
	EndGlobalSection
	GlobalSection(ExtensibilityGlobals) = postSolution
		SolutionGuid = {03DE9764-6394-4E65-8198-C9E28B8058B9}
	EndGlobalSection
EndGlobal
